
Microsoft Visual Studio Solution File, Format Version 12.00
# Visual Studio Version 17
VisualStudioVersion = 17.13.35806.99 d17.13
MinimumVisualStudioVersion = 10.0.40219.1
Project("{FAE04EC0-301F-11D3-BF4B-00C04F79EFBC}") = "Another World", "Another World.csproj", "{6AD8CC25-FDAC-4117-AC55-DE06B5BEE668}"
EndProject
Global
	GlobalSection(SolutionConfigurationPlatforms) = preSolution
		Debug|Any CPU = Debug|Any CPU
		Release|Any CPU = Release|Any CPU
	EndGlobalSection
	GlobalSection(ProjectConfigurationPlatforms) = postSolution
		{6AD8CC25-FDAC-4117-AC55-DE06B5BEE668}.Debug|Any CPU.ActiveCfg = Debug|Any CPU
		{6AD8CC25-FDAC-4117-AC55-DE06B5BEE668}.Debug|Any CPU.Build.0 = Debug|Any CPU
		{6AD8CC25-FDAC-4117-AC55-DE06B5BEE668}.Release|Any CPU.ActiveCfg = Release|Any CPU
		{6AD8CC25-FDAC-4117-AC55-DE06B5BEE668}.Release|Any CPU.Build.0 = Release|Any CPU
	EndGlobalSection
	GlobalSection(SolutionProperties) = preSolution
		HideSolutionNode = FALSE
	EndGlobalSection
	GlobalSection(ExtensibilityGlobals) = postSolution
		SolutionGuid = {3ACB099A-5F85-4C03-9E70-495A3D9AAC54}
	EndGlobalSection
EndGlobal
